# Where each copied file comes from. hyperi-ci vendor sync rewrites this file.
files:
  src/scalo/deployment/data/contract.schema.json:
    path: charts/scalo-service/schema/deployment-contract.v4.schema.json
    ref: 9294e3290ecfbfcd190e53a4345fcef9526271fb
    sha256: 9f1c520c415c1128a132452447b0106da7ae4937f369e4804a28307e41f07ec8
    source: hyperi-io/scalo-rs
