# Where each copied file comes from. hyperi-ci vendor sync rewrites this file.
files:
  src/scalo/deployment/data/contract.schema.json:
    path: charts/scalo-service/schema/deployment-contract.v4.schema.json
    ref: ae6b3d3bd2ba936504cf03b479cb42fd3f9e5fe7
    sha256: eb28e978f10a2a7d7aa37016ead0c46f6bb202c3519967800887c644d26c2be0
    source: hyperi-io/scalo-rs
